
Microsoft Visual Studio Solution File, Format Version 12.00
# Visual Studio Version 17
VisualStudioVersion = 17.0.31903.59
MinimumVisualStudioVersion = 10.0.40219.1
Project("{2150E333-8FDC-42A3-9474-1A3956D46DE8}") = "src", "src", "{827E0CD3-B72D-47B6-A68D-7590B98EB39B}"
EndProject
Project("{FAE04EC0-301F-11D3-BF4B-00C04F79EFBC}") = "BookingPlatform.Domain", "src\BookingPlatform.Domain\BookingPlatform.Domain.csproj", "{767DBA34-BC39-4CEB-9721-F383BCC81B99}"
EndProject
Project("{FAE04EC0-301F-11D3-BF4B-00C04F79EFBC}") = "BookingPlatform.Application", "src\BookingPlatform.Application\BookingPlatform.Application.csproj", "{0D05132F-5C66-4813-A5CE-0AE1607D4ED2}"
EndProject
Project("{FAE04EC0-301F-11D3-BF4B-00C04F79EFBC}") = "BookingPlatform.Infrastructure", "src\BookingPlatform.Infrastructure\BookingPlatform.Infrastructure.csproj", "{EA6FE5AE-978F-4EEB-9B41-EBF1BC07F25F}"
EndProject
Project("{FAE04EC0-301F-11D3-BF4B-00C04F79EFBC}") = "BookingPlatform.API", "src\BookingPlatform.API\BookingPlatform.API.csproj", "{DF7EF546-EF92-4258-8CDE-8A130448F59F}"
EndProject
Global
	GlobalSection(SolutionConfigurationPlatforms) = preSolution
		Debug|Any CPU = Debug|Any CPU
		Debug|x64 = Debug|x64
		Debug|x86 = Debug|x86
		Release|Any CPU = Release|Any CPU
		Release|x64 = Release|x64
		Release|x86 = Release|x86
	EndGlobalSection
	GlobalSection(ProjectConfigurationPlatforms) = postSolution
		{767DBA34-BC39-4CEB-9721-F383BCC81B99}.Debug|Any CPU.ActiveCfg = Debug|Any CPU
		{767DBA34-BC39-4CEB-9721-F383BCC81B99}.Debug|Any CPU.Build.0 = Debug|Any CPU
		{767DBA34-BC39-4CEB-9721-F383BCC81B99}.Debug|x64.ActiveCfg = Debug|Any CPU
		{767DBA34-BC39-4CEB-9721-F383BCC81B99}.Debug|x64.Build.0 = Debug|Any CPU
		{767DBA34-BC39-4CEB-9721-F383BCC81B99}.Debug|x86.ActiveCfg = Debug|Any CPU
		{767DBA34-BC39-4CEB-9721-F383BCC81B99}.Debug|x86.Build.0 = Debug|Any CPU
		{767DBA34-BC39-4CEB-9721-F383BCC81B99}.Release|Any CPU.ActiveCfg = Release|Any CPU
		{767DBA34-BC39-4CEB-9721-F383BCC81B99}.Release|Any CPU.Build.0 = Release|Any CPU
		{767DBA34-BC39-4CEB-9721-F383BCC81B99}.Release|x64.ActiveCfg = Release|Any CPU
		{767DBA34-BC39-4CEB-9721-F383BCC81B99}.Release|x64.Build.0 = Release|Any CPU
		{767DBA34-BC39-4CEB-9721-F383BCC81B99}.Release|x86.ActiveCfg = Release|Any CPU
		{767DBA34-BC39-4CEB-9721-F383BCC81B99}.Release|x86.Build.0 = Release|Any CPU
		{0D05132F-5C66-4813-A5CE-0AE1607D4ED2}.Debug|Any CPU.ActiveCfg = Debug|Any CPU
		{0D05132F-5C66-4813-A5CE-0AE1607D4ED2}.Debug|Any CPU.Build.0 = Debug|Any CPU
		{0D05132F-5C66-4813-A5CE-0AE1607D4ED2}.Debug|x64.ActiveCfg = Debug|Any CPU
		{0D05132F-5C66-4813-A5CE-0AE1607D4ED2}.Debug|x64.Build.0 = Debug|Any CPU
		{0D05132F-5C66-4813-A5CE-0AE1607D4ED2}.Debug|x86.ActiveCfg = Debug|Any CPU
		{0D05132F-5C66-4813-A5CE-0AE1607D4ED2}.Debug|x86.Build.0 = Debug|Any CPU
		{0D05132F-5C66-4813-A5CE-0AE1607D4ED2}.Release|Any CPU.ActiveCfg = Release|Any CPU
		{0D05132F-5C66-4813-A5CE-0AE1607D4ED2}.Release|Any CPU.Build.0 = Release|Any CPU
		{0D05132F-5C66-4813-A5CE-0AE1607D4ED2}.Release|x64.ActiveCfg = Release|Any CPU
		{0D05132F-5C66-4813-A5CE-0AE1607D4ED2}.Release|x64.Build.0 = Release|Any CPU
		{0D05132F-5C66-4813-A5CE-0AE1607D4ED2}.Release|x86.ActiveCfg = Release|Any CPU
		{0D05132F-5C66-4813-A5CE-0AE1607D4ED2}.Release|x86.Build.0 = Release|Any CPU
		{EA6FE5AE-978F-4EEB-9B41-EBF1BC07F25F}.Debug|Any CPU.ActiveCfg = Debug|Any CPU
		{EA6FE5AE-978F-4EEB-9B41-EBF1BC07F25F}.Debug|Any CPU.Build.0 = Debug|Any CPU
		{EA6FE5AE-978F-4EEB-9B41-EBF1BC07F25F}.Debug|x64.ActiveCfg = Debug|Any CPU
		{EA6FE5AE-978F-4EEB-9B41-EBF1BC07F25F}.Debug|x64.Build.0 = Debug|Any CPU
		{EA6FE5AE-978F-4EEB-9B41-EBF1BC07F25F}.Debug|x86.ActiveCfg = Debug|Any CPU
		{EA6FE5AE-978F-4EEB-9B41-EBF1BC07F25F}.Debug|x86.Build.0 = Debug|Any CPU
		{EA6FE5AE-978F-4EEB-9B41-EBF1BC07F25F}.Release|Any CPU.ActiveCfg = Release|Any CPU
		{EA6FE5AE-978F-4EEB-9B41-EBF1BC07F25F}.Release|Any CPU.Build.0 = Release|Any CPU
		{EA6FE5AE-978F-4EEB-9B41-EBF1BC07F25F}.Release|x64.ActiveCfg = Release|Any CPU
		{EA6FE5AE-978F-4EEB-9B41-EBF1BC07F25F}.Release|x64.Build.0 = Release|Any CPU
		{EA6FE5AE-978F-4EEB-9B41-EBF1BC07F25F}.Release|x86.ActiveCfg = Release|Any CPU
		{EA6FE5AE-978F-4EEB-9B41-EBF1BC07F25F}.Release|x86.Build.0 = Release|Any CPU
		{DF7EF546-EF92-4258-8CDE-8A130448F59F}.Debug|Any CPU.ActiveCfg = Debug|Any CPU
		{DF7EF546-EF92-4258-8CDE-8A130448F59F}.Debug|Any CPU.Build.0 = Debug|Any CPU
		{DF7EF546-EF92-4258-8CDE-8A130448F59F}.Debug|x64.ActiveCfg = Debug|Any CPU
		{DF7EF546-EF92-4258-8CDE-8A130448F59F}.Debug|x64.Build.0 = Debug|Any CPU
		{DF7EF546-EF92-4258-8CDE-8A130448F59F}.Debug|x86.ActiveCfg = Debug|Any CPU
		{DF7EF546-EF92-4258-8CDE-8A130448F59F}.Debug|x86.Build.0 = Debug|Any CPU
		{DF7EF546-EF92-4258-8CDE-8A130448F59F}.Release|Any CPU.ActiveCfg = Release|Any CPU
		{DF7EF546-EF92-4258-8CDE-8A130448F59F}.Release|Any CPU.Build.0 = Release|Any CPU
		{DF7EF546-EF92-4258-8CDE-8A130448F59F}.Release|x64.ActiveCfg = Release|Any CPU
		{DF7EF546-EF92-4258-8CDE-8A130448F59F}.Release|x64.Build.0 = Release|Any CPU
		{DF7EF546-EF92-4258-8CDE-8A130448F59F}.Release|x86.ActiveCfg = Release|Any CPU
		{DF7EF546-EF92-4258-8CDE-8A130448F59F}.Release|x86.Build.0 = Release|Any CPU
	EndGlobalSection
	GlobalSection(SolutionProperties) = preSolution
		HideSolutionNode = FALSE
	EndGlobalSection
	GlobalSection(NestedProjects) = preSolution
		{767DBA34-BC39-4CEB-9721-F383BCC81B99} = {827E0CD3-B72D-47B6-A68D-7590B98EB39B}
		{0D05132F-5C66-4813-A5CE-0AE1607D4ED2} = {827E0CD3-B72D-47B6-A68D-7590B98EB39B}
		{EA6FE5AE-978F-4EEB-9B41-EBF1BC07F25F} = {827E0CD3-B72D-47B6-A68D-7590B98EB39B}
		{DF7EF546-EF92-4258-8CDE-8A130448F59F} = {827E0CD3-B72D-47B6-A68D-7590B98EB39B}
	EndGlobalSection
EndGlobal
